<?xml version="1.0" encoding="utf-8"?>
<Project ToolsVersion="4.0" xmlns="http://schemas.microsoft.com/developer/msbuild/2003">
  <ItemGroup>
    <Filter Include="Source Files">
      <UniqueIdentifier>{4FC737F1-C7A5-4376-A066-2A32D752A2FF}</UniqueIdentifier>
      <Extensions>cpp;c;cc;cxx;def;odl;idl;hpj;bat;asm;asmx</Extensions>
    </Filter>
    <Filter Include="Header Files">
      <UniqueIdentifier>{93995380-89BD-4b04-88EB-625FBE52EBFB}</UniqueIdentifier>
      <Extensions>h;hh;hpp;hxx;hm;inl;inc;xsd</Extensions>
    </Filter>
    <Filter Include="Resource Files">
      <UniqueIdentifier>{67DA6AB6-F800-4c08-8B7A-83BB121AAD01}</UniqueIdentifier>
      <Extensions>rc;ico;cur;bmp;dlg;rc2;rct;bin;rgs;gif;jpg;jpeg;jpe;resx;tiff;tif;png;wav;mfcribbon-ms</Extensions>
    </Filter>
  </ItemGroup>
  <ItemGroup>
    <ClInclude Include="File.h">
      <Filter>Header Files</Filter>
    </ClInclude>
    <ClInclude Include="FS.h">
      <Filter>Header Files</Filter>
    </ClInclude>
    <ClInclude Include="part.h">
      <Filter>Header Files</Filter>
    </ClInclude>
    <ClInclude Include="KernelFS.h">
      <Filter>Header Files</Filter>
    </ClInclude>
    <ClInclude Include="FSPartition.h">
      <Filter>Header Files</Filter>
    </ClInclude>
    <ClInclude Include="FSBitvector.h">
      <Filter>Header Files</Filter>
    </ClInclude>
    <ClInclude Include="RWLock.h">
      <Filter>Header Files</Filter>
    </ClInclude>
    <ClInclude Include="FileHandle.h">
      <Filter>Header Files</Filter>
    </ClInclude>
    <ClInclude Include="KernelFile.h">
      <Filter>Header Files</Filter>
    </ClInclude>
    <ClInclude Include="FSIndex.h">
      <Filter>Header Files</Filter>
    </ClInclude>
    <ClInclude Include="FSDirectory.h">
      <Filter>Header Files</Filter>
    </ClInclude>
    <ClInclude Include="OperationIterator.h">
      <Filter>Header Files</Filter>
    </ClInclude>
    <ClInclude Include="utils.h">
      <Filter>Header Files</Filter>
    </ClInclude>
    <ClInclude Include="WritableKernelFile.h">
      <Filter>Header Files</Filter>
    </ClInclude>
    <ClInclude Include="ReadableKernelFile.h">
      <Filter>Header Files</Filter>
    </ClInclude>
    <ClInclude Include="KernelFSInterface.h">
      <Filter>Header Files</Filter>
    </ClInclude>
    <ClInclude Include="testprimer.h">
      <Filter>Header Files</Filter>
    </ClInclude>
    <ClInclude Include="ReliableFilesizeKernelFile.h">
      <Filter>Header Files</Filter>
    </ClInclude>
  </ItemGroup>
  <ItemGroup>
    <ClCompile Include="KernelFS.cpp">
      <Filter>Source Files</Filter>
    </ClCompile>
    <ClCompile Include="FSPartition.cpp">
      <Filter>Source Files</Filter>
    </ClCompile>
    <ClCompile Include="FSBitvector.cpp">
      <Filter>Source Files</Filter>
    </ClCompile>
    <ClCompile Include="main.cpp">
      <Filter>Source Files</Filter>
    </ClCompile>
    <ClCompile Include="RWLock.cpp">
      <Filter>Source Files</Filter>
    </ClCompile>
    <ClCompile Include="FileHandle.cpp">
      <Filter>Source Files</Filter>
    </ClCompile>
    <ClCompile Include="KernelFile.cpp">
      <Filter>Source Files</Filter>
    </ClCompile>
    <ClCompile Include="FSIndex.cpp">
      <Filter>Source Files</Filter>
    </ClCompile>
    <ClCompile Include="FS.cpp">
      <Filter>Source Files</Filter>
    </ClCompile>
    <ClCompile Include="File.cpp">
      <Filter>Source Files</Filter>
    </ClCompile>
    <ClCompile Include="FSDirectory.cpp">
      <Filter>Source Files</Filter>
    </ClCompile>
    <ClCompile Include="OperationIterator.cpp">
      <Filter>Source Files</Filter>
    </ClCompile>
    <ClCompile Include="utils.cpp">
      <Filter>Source Files</Filter>
    </ClCompile>
    <ClCompile Include="WritableKernelFile.cpp">
      <Filter>Source Files</Filter>
    </ClCompile>
    <ClCompile Include="ReadableKernelFile.cpp">
      <Filter>Source Files</Filter>
    </ClCompile>
    <ClCompile Include="nit1.cpp">
      <Filter>Source Files</Filter>
    </ClCompile>
    <ClCompile Include="nit2.cpp">
      <Filter>Source Files</Filter>
    </ClCompile>
    <ClCompile Include="nit3.cpp">
      <Filter>Source Files</Filter>
    </ClCompile>
    <ClCompile Include="ReliableFilesizeKernelFile.cpp">
      <Filter>Source Files</Filter>
    </ClCompile>
  </ItemGroup>
  <ItemGroup>
    <None Include="part.dat">
      <Filter>Resource Files</Filter>
    </None>
    <None Include="disk1.dat">
      <Filter>Resource Files</Filter>
    </None>
    <None Include="disk2.dat">
      <Filter>Resource Files</Filter>
    </None>
    <None Include="izlaz1.dat">
      <Filter>Resource Files</Filter>
    </None>
    <None Include="izlaz2.dat">
      <Filter>Resource Files</Filter>
    </None>
  </ItemGroup>
</Project>